{
  "meteor": {},
  "dependencies": {
    "basePackages": {
      "jqueryui": {},
      "roles": {}
    },
    "packages": {
      "jqueryui": {
        "git": "https://github.com/mizzao/meteor-jqueryui.git",
        "tag": "v1.10.4",
        "commit": "c75906fc9e1e19abf1ad5b2963925122ff8a0336"
      },
      "roles": {
        "git": "https://github.com/alanning/meteor-roles.git",
        "tag": "v1.2.10",
        "commit": "7ccb35de0a6cb0c9a0c3666badd04757e39c09a6"
      },
      "build-fetcher": {
        "git": "https://github.com/mizzao/meteor-build-fetcher.git",
        "tag": "v0.1.0",
        "commit": "e3813b1fc7f5c576e8e1fa4c51ae6f4687780a35"
      }
    }
  }
}
